
Microsoft Visual Studio Solution File, Format Version 12.00
# Visual Studio Version 17
VisualStudioVersion = 17.14.36414.22 d17.14
MinimumVisualStudioVersion = 10.0.40219.1
Project("{FAE04EC0-301F-11D3-BF4B-00C04F79EFBC}") = "ProjetoHospedagem", "ProjetoHospedagem.csproj", "{025DD369-AFBD-490A-B11F-CC2C93968EB1}"
EndProject
Global
	GlobalSection(SolutionConfigurationPlatforms) = preSolution
		Debug|Any CPU = Debug|Any CPU
		Release|Any CPU = Release|Any CPU
	EndGlobalSection
	GlobalSection(ProjectConfigurationPlatforms) = postSolution
		{025DD369-AFBD-490A-B11F-CC2C93968EB1}.Debug|Any CPU.ActiveCfg = Debug|Any CPU
		{025DD369-AFBD-490A-B11F-CC2C93968EB1}.Debug|Any CPU.Build.0 = Debug|Any CPU
		{025DD369-AFBD-490A-B11F-CC2C93968EB1}.Release|Any CPU.ActiveCfg = Release|Any CPU
		{025DD369-AFBD-490A-B11F-CC2C93968EB1}.Release|Any CPU.Build.0 = Release|Any CPU
	EndGlobalSection
	GlobalSection(SolutionProperties) = preSolution
		HideSolutionNode = FALSE
	EndGlobalSection
	GlobalSection(ExtensibilityGlobals) = postSolution
		SolutionGuid = {D5BE811F-0520-4CF4-A713-2F1260E1DCC9}
	EndGlobalSection
EndGlobal
